
Microsoft Visual Studio Solution File, Format Version 12.00
Project("{FAE04EC0-301F-11D3-BF4B-00C04F79EFBC}") = "Api", "Api\Api.csproj", "{B5F3C500-F375-42C5-AADD-D751552A8497}"
EndProject
Project("{FAE04EC0-301F-11D3-BF4B-00C04F79EFBC}") = "Application", "Application\Application.csproj", "{CE893FC0-BE38-41ED-8247-C42112FBA077}"
EndProject
Project("{FAE04EC0-301F-11D3-BF4B-00C04F79EFBC}") = "Domain", "Domain\Domain.csproj", "{A60AE4C0-824D-4E33-A20E-761191175649}"
EndProject
Project("{FAE04EC0-301F-11D3-BF4B-00C04F79EFBC}") = "Infrastructure", "Infrastructure\Infrastructure.csproj", "{97602E9D-7BB3-460C-9334-3CE97827F462}"
EndProject
Project("{2150E333-8FDC-42A3-9474-1A3956D46DE8}") = "src", "src", "{5B9129B7-DD5B-4A77-8288-45E75E414580}"
EndProject
Project("{2150E333-8FDC-42A3-9474-1A3956D46DE8}") = "tests", "tests", "{D1F706A7-B692-4CBA-A3EA-015546B017AB}"
EndProject
Project("{FAE04EC0-301F-11D3-BF4B-00C04F79EFBC}") = "Framework", "Framework\Framework.csproj", "{AB5B9418-BF16-4A1C-968C-9171C98F0BD9}"
EndProject
Project("{FAE04EC0-301F-11D3-BF4B-00C04F79EFBC}") = "Application.Interfaces", "Application.Interfaces\Application.Interfaces.csproj", "{BFA6F800-092E-424B-8D32-12AA3226D2D4}"
EndProject
Project("{FAE04EC0-301F-11D3-BF4B-00C04F79EFBC}") = "Infrastructure.Interfaces", "Infrastructure.Interfaces\Infrastructure.Interfaces.csproj", "{5CD55E54-5141-4CD2-94AB-20A00C859F29}"
EndProject
Project("{2150E333-8FDC-42A3-9474-1A3956D46DE8}") = "Layer 0", "Layer 0", "{0C3E029B-C816-4F31-9E79-BF5C2763B567}"
EndProject
Project("{2150E333-8FDC-42A3-9474-1A3956D46DE8}") = "Layer 1", "Layer 1", "{750A12F8-EFC9-4D97-A4A8-38748CBFC7B3}"
EndProject
Project("{2150E333-8FDC-42A3-9474-1A3956D46DE8}") = "Layer 2", "Layer 2", "{1CA3252D-E333-46F0-A26C-5D599AEE26B1}"
EndProject
Project("{2150E333-8FDC-42A3-9474-1A3956D46DE8}") = "Layer 4", "Layer 4", "{7A4346E5-F71D-452C-BA5D-1D390DF791FD}"
EndProject
Global
	GlobalSection(SolutionConfigurationPlatforms) = preSolution
		Debug|Any CPU = Debug|Any CPU
		Release|Any CPU = Release|Any CPU
	EndGlobalSection
	GlobalSection(ProjectConfigurationPlatforms) = postSolution
		{B5F3C500-F375-42C5-AADD-D751552A8497}.Debug|Any CPU.ActiveCfg = Debug|Any CPU
		{B5F3C500-F375-42C5-AADD-D751552A8497}.Debug|Any CPU.Build.0 = Debug|Any CPU
		{B5F3C500-F375-42C5-AADD-D751552A8497}.Release|Any CPU.ActiveCfg = Release|Any CPU
		{B5F3C500-F375-42C5-AADD-D751552A8497}.Release|Any CPU.Build.0 = Release|Any CPU
		{CE893FC0-BE38-41ED-8247-C42112FBA077}.Debug|Any CPU.ActiveCfg = Debug|Any CPU
		{CE893FC0-BE38-41ED-8247-C42112FBA077}.Debug|Any CPU.Build.0 = Debug|Any CPU
		{CE893FC0-BE38-41ED-8247-C42112FBA077}.Release|Any CPU.ActiveCfg = Release|Any CPU
		{CE893FC0-BE38-41ED-8247-C42112FBA077}.Release|Any CPU.Build.0 = Release|Any CPU
		{A60AE4C0-824D-4E33-A20E-761191175649}.Debug|Any CPU.ActiveCfg = Debug|Any CPU
		{A60AE4C0-824D-4E33-A20E-761191175649}.Debug|Any CPU.Build.0 = Debug|Any CPU
		{A60AE4C0-824D-4E33-A20E-761191175649}.Release|Any CPU.ActiveCfg = Release|Any CPU
		{A60AE4C0-824D-4E33-A20E-761191175649}.Release|Any CPU.Build.0 = Release|Any CPU
		{97602E9D-7BB3-460C-9334-3CE97827F462}.Debug|Any CPU.ActiveCfg = Debug|Any CPU
		{97602E9D-7BB3-460C-9334-3CE97827F462}.Debug|Any CPU.Build.0 = Debug|Any CPU
		{97602E9D-7BB3-460C-9334-3CE97827F462}.Release|Any CPU.ActiveCfg = Release|Any CPU
		{97602E9D-7BB3-460C-9334-3CE97827F462}.Release|Any CPU.Build.0 = Release|Any CPU
		{AB5B9418-BF16-4A1C-968C-9171C98F0BD9}.Debug|Any CPU.ActiveCfg = Debug|Any CPU
		{AB5B9418-BF16-4A1C-968C-9171C98F0BD9}.Debug|Any CPU.Build.0 = Debug|Any CPU
		{AB5B9418-BF16-4A1C-968C-9171C98F0BD9}.Release|Any CPU.ActiveCfg = Release|Any CPU
		{AB5B9418-BF16-4A1C-968C-9171C98F0BD9}.Release|Any CPU.Build.0 = Release|Any CPU
		{BFA6F800-092E-424B-8D32-12AA3226D2D4}.Debug|Any CPU.ActiveCfg = Debug|Any CPU
		{BFA6F800-092E-424B-8D32-12AA3226D2D4}.Debug|Any CPU.Build.0 = Debug|Any CPU
		{BFA6F800-092E-424B-8D32-12AA3226D2D4}.Release|Any CPU.ActiveCfg = Release|Any CPU
		{BFA6F800-092E-424B-8D32-12AA3226D2D4}.Release|Any CPU.Build.0 = Release|Any CPU
		{5CD55E54-5141-4CD2-94AB-20A00C859F29}.Debug|Any CPU.ActiveCfg = Debug|Any CPU
		{5CD55E54-5141-4CD2-94AB-20A00C859F29}.Debug|Any CPU.Build.0 = Debug|Any CPU
		{5CD55E54-5141-4CD2-94AB-20A00C859F29}.Release|Any CPU.ActiveCfg = Release|Any CPU
		{5CD55E54-5141-4CD2-94AB-20A00C859F29}.Release|Any CPU.Build.0 = Release|Any CPU
	EndGlobalSection
	GlobalSection(NestedProjects) = preSolution
		{0C3E029B-C816-4F31-9E79-BF5C2763B567} = {5B9129B7-DD5B-4A77-8288-45E75E414580}
		{A60AE4C0-824D-4E33-A20E-761191175649} = {0C3E029B-C816-4F31-9E79-BF5C2763B567}
		{750A12F8-EFC9-4D97-A4A8-38748CBFC7B3} = {5B9129B7-DD5B-4A77-8288-45E75E414580}
		{BFA6F800-092E-424B-8D32-12AA3226D2D4} = {750A12F8-EFC9-4D97-A4A8-38748CBFC7B3}
		{5CD55E54-5141-4CD2-94AB-20A00C859F29} = {750A12F8-EFC9-4D97-A4A8-38748CBFC7B3}
		{1CA3252D-E333-46F0-A26C-5D599AEE26B1} = {5B9129B7-DD5B-4A77-8288-45E75E414580}
		{CE893FC0-BE38-41ED-8247-C42112FBA077} = {1CA3252D-E333-46F0-A26C-5D599AEE26B1}
		{97602E9D-7BB3-460C-9334-3CE97827F462} = {1CA3252D-E333-46F0-A26C-5D599AEE26B1}
		{7A4346E5-F71D-452C-BA5D-1D390DF791FD} = {5B9129B7-DD5B-4A77-8288-45E75E414580}
		{B5F3C500-F375-42C5-AADD-D751552A8497} = {7A4346E5-F71D-452C-BA5D-1D390DF791FD}
	EndGlobalSection
EndGlobal
